
Microsoft Visual Studio Solution File, Format Version 12.00
# Visual Studio Version 17
VisualStudioVersion = 17.14.36127.28 d17.14
MinimumVisualStudioVersion = 10.0.40219.1
Project("{FAE04EC0-301F-11D3-BF4B-00C04F79EFBC}") = "Cyan-Service-Migration", "Cyan-Service-Migration.csproj", "{0DFF65B5-2A22-4ACC-B8FB-724C26315886}"
EndProject
Global
	GlobalSection(SolutionConfigurationPlatforms) = preSolution
		Debug|Any CPU = Debug|Any CPU
		Release|Any CPU = Release|Any CPU
	EndGlobalSection
	GlobalSection(ProjectConfigurationPlatforms) = postSolution
		{0DFF65B5-2A22-4ACC-B8FB-724C26315886}.Debug|Any CPU.ActiveCfg = Debug|Any CPU
		{0DFF65B5-2A22-4ACC-B8FB-724C26315886}.Debug|Any CPU.Build.0 = Debug|Any CPU
		{0DFF65B5-2A22-4ACC-B8FB-724C26315886}.Release|Any CPU.ActiveCfg = Release|Any CPU
		{0DFF65B5-2A22-4ACC-B8FB-724C26315886}.Release|Any CPU.Build.0 = Release|Any CPU
	EndGlobalSection
	GlobalSection(SolutionProperties) = preSolution
		HideSolutionNode = FALSE
	EndGlobalSection
	GlobalSection(ExtensibilityGlobals) = postSolution
		SolutionGuid = {B6CA1223-76B7-4125-9F22-3045440C5C8B}
	EndGlobalSection
EndGlobal
